
Microsoft Visual Studio Solution File, Format Version 12.00
# Visual Studio Version 16
VisualStudioVersion = 16.0.31019.35
MinimumVisualStudioVersion = 10.0.40219.1
Project("{8BC9CEB8-8B4A-11D0-8D11-00A0C91BC942}") = "cpldApp", "cpldApp\cpldApp.vcxproj", "{BFB332DD-4BFA-4A73-956C-BE4CFFAB6CCA}"
EndProject
Project("{8BC9CEB8-8B4A-11D0-8D11-00A0C91BC942}") = "switchApp", "switchApp\switchApp.vcxproj", "{3C63BDC9-8307-4315-8A2B-3ADFFD1B7213}"
EndProject
Project("{8BC9CEB8-8B4A-11D0-8D11-00A0C91BC942}") = "eepromApp", "eepromApp\eepromApp.vcxproj", "{ED89564F-83D7-4284-8BC1-23DBBA5579EF}"
EndProject
Project("{8BC9CEB8-8B4A-11D0-8D11-00A0C91BC942}") = "uartApp", "uartApp\uartApp.vcxproj", "{8B4013FE-6749-4C44-ABA3-3D0381DA411E}"
EndProject
Project("{8BC9CEB8-8B4A-11D0-8D11-00A0C91BC942}") = "uartTestApp", "uartTestApp\uartTestApp.vcxproj", "{85FCC4A8-DD9F-4EDB-ABF3-1AAB36C1DB93}"
EndProject
Global
	GlobalSection(SolutionConfigurationPlatforms) = preSolution
		Debug|ARM = Debug|ARM
		Debug|ARM64 = Debug|ARM64
		Debug|x64 = Debug|x64
		Debug|x86 = Debug|x86
		Release|ARM = Release|ARM
		Release|ARM64 = Release|ARM64
		Release|x64 = Release|x64
		Release|x86 = Release|x86
	EndGlobalSection
	GlobalSection(ProjectConfigurationPlatforms) = postSolution
		{BFB332DD-4BFA-4A73-956C-BE4CFFAB6CCA}.Debug|ARM.ActiveCfg = Debug|ARM
		{BFB332DD-4BFA-4A73-956C-BE4CFFAB6CCA}.Debug|ARM.Build.0 = Debug|ARM
		{BFB332DD-4BFA-4A73-956C-BE4CFFAB6CCA}.Debug|ARM.Deploy.0 = Debug|ARM
		{BFB332DD-4BFA-4A73-956C-BE4CFFAB6CCA}.Debug|ARM64.ActiveCfg = Debug|ARM64
		{BFB332DD-4BFA-4A73-956C-BE4CFFAB6CCA}.Debug|ARM64.Build.0 = Debug|ARM64
		{BFB332DD-4BFA-4A73-956C-BE4CFFAB6CCA}.Debug|ARM64.Deploy.0 = Debug|ARM64
		{BFB332DD-4BFA-4A73-956C-BE4CFFAB6CCA}.Debug|x64.ActiveCfg = Debug|x64
		{BFB332DD-4BFA-4A73-956C-BE4CFFAB6CCA}.Debug|x64.Build.0 = Debug|x64
		{BFB332DD-4BFA-4A73-956C-BE4CFFAB6CCA}.Debug|x64.Deploy.0 = Debug|x64
		{BFB332DD-4BFA-4A73-956C-BE4CFFAB6CCA}.Debug|x86.ActiveCfg = Debug|x86
		{BFB332DD-4BFA-4A73-956C-BE4CFFAB6CCA}.Debug|x86.Build.0 = Debug|x86
		{BFB332DD-4BFA-4A73-956C-BE4CFFAB6CCA}.Debug|x86.Deploy.0 = Debug|x86
		{BFB332DD-4BFA-4A73-956C-BE4CFFAB6CCA}.Release|ARM.ActiveCfg = Release|ARM
		{BFB332DD-4BFA-4A73-956C-BE4CFFAB6CCA}.Release|ARM.Build.0 = Release|ARM
		{BFB332DD-4BFA-4A73-956C-BE4CFFAB6CCA}.Release|ARM.Deploy.0 = Release|ARM
		{BFB332DD-4BFA-4A73-956C-BE4CFFAB6CCA}.Release|ARM64.ActiveCfg = Release|ARM64
		{BFB332DD-4BFA-4A73-956C-BE4CFFAB6CCA}.Release|ARM64.Build.0 = Release|ARM64
		{BFB332DD-4BFA-4A73-956C-BE4CFFAB6CCA}.Release|ARM64.Deploy.0 = Release|ARM64
		{BFB332DD-4BFA-4A73-956C-BE4CFFAB6CCA}.Release|x64.ActiveCfg = Release|x64
		{BFB332DD-4BFA-4A73-956C-BE4CFFAB6CCA}.Release|x64.Build.0 = Release|x64
		{BFB332DD-4BFA-4A73-956C-BE4CFFAB6CCA}.Release|x64.Deploy.0 = Release|x64
		{BFB332DD-4BFA-4A73-956C-BE4CFFAB6CCA}.Release|x86.ActiveCfg = Release|x86
		{BFB332DD-4BFA-4A73-956C-BE4CFFAB6CCA}.Release|x86.Build.0 = Release|x86
		{BFB332DD-4BFA-4A73-956C-BE4CFFAB6CCA}.Release|x86.Deploy.0 = Release|x86
		{3C63BDC9-8307-4315-8A2B-3ADFFD1B7213}.Debug|ARM.ActiveCfg = Debug|ARM
		{3C63BDC9-8307-4315-8A2B-3ADFFD1B7213}.Debug|ARM.Build.0 = Debug|ARM
		{3C63BDC9-8307-4315-8A2B-3ADFFD1B7213}.Debug|ARM.Deploy.0 = Debug|ARM
		{3C63BDC9-8307-4315-8A2B-3ADFFD1B7213}.Debug|ARM64.ActiveCfg = Debug|ARM64
		{3C63BDC9-8307-4315-8A2B-3ADFFD1B7213}.Debug|ARM64.Build.0 = Debug|ARM64
		{3C63BDC9-8307-4315-8A2B-3ADFFD1B7213}.Debug|ARM64.Deploy.0 = Debug|ARM64
		{3C63BDC9-8307-4315-8A2B-3ADFFD1B7213}.Debug|x64.ActiveCfg = Debug|x64
		{3C63BDC9-8307-4315-8A2B-3ADFFD1B7213}.Debug|x64.Build.0 = Debug|x64
		{3C63BDC9-8307-4315-8A2B-3ADFFD1B7213}.Debug|x64.Deploy.0 = Debug|x64
		{3C63BDC9-8307-4315-8A2B-3ADFFD1B7213}.Debug|x86.ActiveCfg = Debug|x86
		{3C63BDC9-8307-4315-8A2B-3ADFFD1B7213}.Debug|x86.Build.0 = Debug|x86
		{3C63BDC9-8307-4315-8A2B-3ADFFD1B7213}.Debug|x86.Deploy.0 = Debug|x86
		{3C63BDC9-8307-4315-8A2B-3ADFFD1B7213}.Release|ARM.ActiveCfg = Release|ARM
		{3C63BDC9-8307-4315-8A2B-3ADFFD1B7213}.Release|ARM.Build.0 = Release|ARM
		{3C63BDC9-8307-4315-8A2B-3ADFFD1B7213}.Release|ARM.Deploy.0 = Release|ARM
		{3C63BDC9-8307-4315-8A2B-3ADFFD1B7213}.Release|ARM64.ActiveCfg = Release|ARM64
		{3C63BDC9-8307-4315-8A2B-3ADFFD1B7213}.Release|ARM64.Build.0 = Release|ARM64
		{3C63BDC9-8307-4315-8A2B-3ADFFD1B7213}.Release|ARM64.Deploy.0 = Release|ARM64
		{3C63BDC9-8307-4315-8A2B-3ADFFD1B7213}.Release|x64.ActiveCfg = Release|x64
		{3C63BDC9-8307-4315-8A2B-3ADFFD1B7213}.Release|x64.Build.0 = Release|x64
		{3C63BDC9-8307-4315-8A2B-3ADFFD1B7213}.Release|x64.Deploy.0 = Release|x64
		{3C63BDC9-8307-4315-8A2B-3ADFFD1B7213}.Release|x86.ActiveCfg = Release|x86
		{3C63BDC9-8307-4315-8A2B-3ADFFD1B7213}.Release|x86.Build.0 = Release|x86
		{3C63BDC9-8307-4315-8A2B-3ADFFD1B7213}.Release|x86.Deploy.0 = Release|x86
		{ED89564F-83D7-4284-8BC1-23DBBA5579EF}.Debug|ARM.ActiveCfg = Debug|ARM
		{ED89564F-83D7-4284-8BC1-23DBBA5579EF}.Debug|ARM.Build.0 = Debug|ARM
		{ED89564F-83D7-4284-8BC1-23DBBA5579EF}.Debug|ARM.Deploy.0 = Debug|ARM
		{ED89564F-83D7-4284-8BC1-23DBBA5579EF}.Debug|ARM64.ActiveCfg = Debug|ARM64
		{ED89564F-83D7-4284-8BC1-23DBBA5579EF}.Debug|ARM64.Build.0 = Debug|ARM64
		{ED89564F-83D7-4284-8BC1-23DBBA5579EF}.Debug|ARM64.Deploy.0 = Debug|ARM64
		{ED89564F-83D7-4284-8BC1-23DBBA5579EF}.Debug|x64.ActiveCfg = Debug|x64
		{ED89564F-83D7-4284-8BC1-23DBBA5579EF}.Debug|x64.Build.0 = Debug|x64
		{ED89564F-83D7-4284-8BC1-23DBBA5579EF}.Debug|x64.Deploy.0 = Debug|x64
		{ED89564F-83D7-4284-8BC1-23DBBA5579EF}.Debug|x86.ActiveCfg = Debug|x86
		{ED89564F-83D7-4284-8BC1-23DBBA5579EF}.Debug|x86.Build.0 = Debug|x86
		{ED89564F-83D7-4284-8BC1-23DBBA5579EF}.Debug|x86.Deploy.0 = Debug|x86
		{ED89564F-83D7-4284-8BC1-23DBBA5579EF}.Release|ARM.ActiveCfg = Release|ARM
		{ED89564F-83D7-4284-8BC1-23DBBA5579EF}.Release|ARM.Build.0 = Release|ARM
		{ED89564F-83D7-4284-8BC1-23DBBA5579EF}.Release|ARM.Deploy.0 = Release|ARM
		{ED89564F-83D7-4284-8BC1-23DBBA5579EF}.Release|ARM64.ActiveCfg = Release|ARM64
		{ED89564F-83D7-4284-8BC1-23DBBA5579EF}.Release|ARM64.Build.0 = Release|ARM64
		{ED89564F-83D7-4284-8BC1-23DBBA5579EF}.Release|ARM64.Deploy.0 = Release|ARM64
		{ED89564F-83D7-4284-8BC1-23DBBA5579EF}.Release|x64.ActiveCfg = Release|x64
		{ED89564F-83D7-4284-8BC1-23DBBA5579EF}.Release|x64.Build.0 = Release|x64
		{ED89564F-83D7-4284-8BC1-23DBBA5579EF}.Release|x64.Deploy.0 = Release|x64
		{ED89564F-83D7-4284-8BC1-23DBBA5579EF}.Release|x86.ActiveCfg = Release|x86
		{ED89564F-83D7-4284-8BC1-23DBBA5579EF}.Release|x86.Build.0 = Release|x86
		{ED89564F-83D7-4284-8BC1-23DBBA5579EF}.Release|x86.Deploy.0 = Release|x86
		{8B4013FE-6749-4C44-ABA3-3D0381DA411E}.Debug|ARM.ActiveCfg = Debug|ARM
		{8B4013FE-6749-4C44-ABA3-3D0381DA411E}.Debug|ARM.Build.0 = Debug|ARM
		{8B4013FE-6749-4C44-ABA3-3D0381DA411E}.Debug|ARM.Deploy.0 = Debug|ARM
		{8B4013FE-6749-4C44-ABA3-3D0381DA411E}.Debug|ARM64.ActiveCfg = Debug|ARM64
		{8B4013FE-6749-4C44-ABA3-3D0381DA411E}.Debug|ARM64.Build.0 = Debug|ARM64
		{8B4013FE-6749-4C44-ABA3-3D0381DA411E}.Debug|ARM64.Deploy.0 = Debug|ARM64
		{8B4013FE-6749-4C44-ABA3-3D0381DA411E}.Debug|x64.ActiveCfg = Debug|x64
		{8B4013FE-6749-4C44-ABA3-3D0381DA411E}.Debug|x64.Build.0 = Debug|x64
		{8B4013FE-6749-4C44-ABA3-3D0381DA411E}.Debug|x64.Deploy.0 = Debug|x64
		{8B4013FE-6749-4C44-ABA3-3D0381DA411E}.Debug|x86.ActiveCfg = Debug|x86
		{8B4013FE-6749-4C44-ABA3-3D0381DA411E}.Debug|x86.Build.0 = Debug|x86
		{8B4013FE-6749-4C44-ABA3-3D0381DA411E}.Debug|x86.Deploy.0 = Debug|x86
		{8B4013FE-6749-4C44-ABA3-3D0381DA411E}.Release|ARM.ActiveCfg = Release|ARM
		{8B4013FE-6749-4C44-ABA3-3D0381DA411E}.Release|ARM.Build.0 = Release|ARM
		{8B4013FE-6749-4C44-ABA3-3D0381DA411E}.Release|ARM.Deploy.0 = Release|ARM
		{8B4013FE-6749-4C44-ABA3-3D0381DA411E}.Release|ARM64.ActiveCfg = Release|ARM64
		{8B4013FE-6749-4C44-ABA3-3D0381DA411E}.Release|ARM64.Build.0 = Release|ARM64
		{8B4013FE-6749-4C44-ABA3-3D0381DA411E}.Release|ARM64.Deploy.0 = Release|ARM64
		{8B4013FE-6749-4C44-ABA3-3D0381DA411E}.Release|x64.ActiveCfg = Release|x64
		{8B4013FE-6749-4C44-ABA3-3D0381DA411E}.Release|x64.Build.0 = Release|x64
		{8B4013FE-6749-4C44-ABA3-3D0381DA411E}.Release|x64.Deploy.0 = Release|x64
		{8B4013FE-6749-4C44-ABA3-3D0381DA411E}.Release|x86.ActiveCfg = Release|x86
		{8B4013FE-6749-4C44-ABA3-3D0381DA411E}.Release|x86.Build.0 = Release|x86
		{8B4013FE-6749-4C44-ABA3-3D0381DA411E}.Release|x86.Deploy.0 = Release|x86
		{85FCC4A8-DD9F-4EDB-ABF3-1AAB36C1DB93}.Debug|ARM.ActiveCfg = Debug|ARM
		{85FCC4A8-DD9F-4EDB-ABF3-1AAB36C1DB93}.Debug|ARM.Build.0 = Debug|ARM
		{85FCC4A8-DD9F-4EDB-ABF3-1AAB36C1DB93}.Debug|ARM.Deploy.0 = Debug|ARM
		{85FCC4A8-DD9F-4EDB-ABF3-1AAB36C1DB93}.Debug|ARM64.ActiveCfg = Debug|ARM64
		{85FCC4A8-DD9F-4EDB-ABF3-1AAB36C1DB93}.Debug|ARM64.Build.0 = Debug|ARM64
		{85FCC4A8-DD9F-4EDB-ABF3-1AAB36C1DB93}.Debug|ARM64.Deploy.0 = Debug|ARM64
		{85FCC4A8-DD9F-4EDB-ABF3-1AAB36C1DB93}.Debug|x64.ActiveCfg = Debug|x64
		{85FCC4A8-DD9F-4EDB-ABF3-1AAB36C1DB93}.Debug|x64.Build.0 = Debug|x64
		{85FCC4A8-DD9F-4EDB-ABF3-1AAB36C1DB93}.Debug|x64.Deploy.0 = Debug|x64
		{85FCC4A8-DD9F-4EDB-ABF3-1AAB36C1DB93}.Debug|x86.ActiveCfg = Debug|x86
		{85FCC4A8-DD9F-4EDB-ABF3-1AAB36C1DB93}.Debug|x86.Build.0 = Debug|x86
		{85FCC4A8-DD9F-4EDB-ABF3-1AAB36C1DB93}.Debug|x86.Deploy.0 = Debug|x86
		{85FCC4A8-DD9F-4EDB-ABF3-1AAB36C1DB93}.Release|ARM.ActiveCfg = Release|ARM
		{85FCC4A8-DD9F-4EDB-ABF3-1AAB36C1DB93}.Release|ARM.Build.0 = Release|ARM
		{85FCC4A8-DD9F-4EDB-ABF3-1AAB36C1DB93}.Release|ARM.Deploy.0 = Release|ARM
		{85FCC4A8-DD9F-4EDB-ABF3-1AAB36C1DB93}.Release|ARM64.ActiveCfg = Release|ARM64
		{85FCC4A8-DD9F-4EDB-ABF3-1AAB36C1DB93}.Release|ARM64.Build.0 = Release|ARM64
		{85FCC4A8-DD9F-4EDB-ABF3-1AAB36C1DB93}.Release|ARM64.Deploy.0 = Release|ARM64
		{85FCC4A8-DD9F-4EDB-ABF3-1AAB36C1DB93}.Release|x64.ActiveCfg = Release|x64
		{85FCC4A8-DD9F-4EDB-ABF3-1AAB36C1DB93}.Release|x64.Build.0 = Release|x64
		{85FCC4A8-DD9F-4EDB-ABF3-1AAB36C1DB93}.Release|x64.Deploy.0 = Release|x64
		{85FCC4A8-DD9F-4EDB-ABF3-1AAB36C1DB93}.Release|x86.ActiveCfg = Release|x86
		{85FCC4A8-DD9F-4EDB-ABF3-1AAB36C1DB93}.Release|x86.Build.0 = Release|x86
		{85FCC4A8-DD9F-4EDB-ABF3-1AAB36C1DB93}.Release|x86.Deploy.0 = Release|x86
	EndGlobalSection
	GlobalSection(SolutionProperties) = preSolution
		HideSolutionNode = FALSE
	EndGlobalSection
	GlobalSection(ExtensibilityGlobals) = postSolution
		SolutionGuid = {9A6BA95F-12A4-4F89-B5E0-474E37E3A6BA}
	EndGlobalSection
EndGlobal
